
Microsoft Visual Studio Solution File, Format Version 12.00
# Visual Studio 15
Project("{FAE04EC0-301F-11D3-BF4B-00C04F79EFBC}") = "akshay", "akshay.csproj", "{4DEEEB61-764F-430E-9B54-A96DB64962EA}"
EndProject
Global
	GlobalSection(SolutionConfigurationPlatforms) = preSolution
		Debug|Any CPU = Debug|Any CPU
		Release|Any CPU = Release|Any CPU
	EndGlobalSection
	GlobalSection(ProjectConfigurationPlatforms) = postSolution
		{4DEEEB61-764F-430E-9B54-A96DB64962EA}.Debug|Any CPU.ActiveCfg = Debug|Any CPU
		{4DEEEB61-764F-430E-9B54-A96DB64962EA}.Debug|Any CPU.Build.0 = Debug|Any CPU
		{4DEEEB61-764F-430E-9B54-A96DB64962EA}.Release|Any CPU.ActiveCfg = Release|Any CPU
		{4DEEEB61-764F-430E-9B54-A96DB64962EA}.Release|Any CPU.Build.0 = Release|Any CPU
	EndGlobalSection
EndGlobal
